
Microsoft Visual Studio Solution File, Format Version 12.00
# Visual Studio 2013
VisualStudioVersion = 12.0.30501.0
MinimumVisualStudioVersion = 10.0.40219.1
Project("{FAE04EC0-301F-11D3-BF4B-00C04F79EFBC}") = "DebuggerHelpbelt", "DebuggerHelpbelt\DebuggerHelpbelt.csproj", "{ECD8A25B-A2DC-43CE-AAEE-0C876AFDBB45}"
EndProject
Global
	GlobalSection(SolutionConfigurationPlatforms) = preSolution
		Debug|Any CPU = Debug|Any CPU
		Release|Any CPU = Release|Any CPU
	EndGlobalSection
	GlobalSection(ProjectConfigurationPlatforms) = postSolution
		{ECD8A25B-A2DC-43CE-AAEE-0C876AFDBB45}.Debug|Any CPU.ActiveCfg = Debug|Any CPU
		{ECD8A25B-A2DC-43CE-AAEE-0C876AFDBB45}.Debug|Any CPU.Build.0 = Debug|Any CPU
		{ECD8A25B-A2DC-43CE-AAEE-0C876AFDBB45}.Release|Any CPU.ActiveCfg = Release|Any CPU
		{ECD8A25B-A2DC-43CE-AAEE-0C876AFDBB45}.Release|Any CPU.Build.0 = Release|Any CPU
	EndGlobalSection
	GlobalSection(SolutionProperties) = preSolution
		HideSolutionNode = FALSE
	EndGlobalSection
EndGlobal
